PODS:
  - Flutter (1.0.0)
  - hybrid_flutter (0.1.2):
    - Flutter

DEPENDENCIES:
  - Flutter (from `Flutter`)
  - hybrid_flutter (from `.symlinks/plugins/hybrid_flutter/ios`)

EXTERNAL SOURCES:
  Flutter:
    :path: Flutter
  hybrid_flutter:
    :path: ".symlinks/plugins/hybrid_flutter/ios"

SPEC CHECKSUMS:
  Flutter: f04841e97a9d0b0a8025694d0796dd46242b2854
  hybrid_flutter: 9d6aaac5b0b234db0b226fc1b725edd286a8ec31

PODFILE CHECKSUM: ef19549a9bc3046e7bb7d2fab4d021637c0c58a3

COCOAPODS: 1.11.3
